
Microsoft Visual Studio Solution File, Format Version 12.00
# Visual Studio Version 17
VisualStudioVersion = 17.3.32819.101
MinimumVisualStudioVersion = 10.0.40219.1
Project("{FAE04EC0-301F-11D3-BF4B-00C04F79EFBC}") = "Kafka.Base", "Kafka.Base\Kafka.Base.csproj", "{BAA2B7AF-EC21-4696-8435-F7D112D85B5C}"
EndProject
Project("{FAE04EC0-301F-11D3-BF4B-00C04F79EFBC}") = "Customer.Register.Producer", "Kafka.Producer\Customer.Register.Producer.csproj", "{207B9AC2-5E20-48F5-AA44-077C56D8E239}"
EndProject
Project("{FAE04EC0-301F-11D3-BF4B-00C04F79EFBC}") = "Customer.Demographic.Handler.Consumer", "Customer.Demographic.Consumer\Customer.Demographic.Handler.Consumer.csproj", "{7702B15D-9CA9-4C84-BB62-A4EF2C59EB28}"
EndProject
Project("{FAE04EC0-301F-11D3-BF4B-00C04F79EFBC}") = "Customer.Email.Handler.Consumer", "Customer.EmailSender.Consumer\Customer.Email.Handler.Consumer.csproj", "{CD167183-E038-4D44-A78B-4B007F48333A}"
EndProject
Project("{FAE04EC0-301F-11D3-BF4B-00C04F79EFBC}") = "Models", "Models\Models.csproj", "{D05A9B86-081E-48D7-BD23-4CC14B5DB45E}"
EndProject
Global
	GlobalSection(SolutionConfigurationPlatforms) = preSolution
		Debug|Any CPU = Debug|Any CPU
		Release|Any CPU = Release|Any CPU
	EndGlobalSection
	GlobalSection(ProjectConfigurationPlatforms) = postSolution
		{BAA2B7AF-EC21-4696-8435-F7D112D85B5C}.Debug|Any CPU.ActiveCfg = Debug|Any CPU
		{BAA2B7AF-EC21-4696-8435-F7D112D85B5C}.Debug|Any CPU.Build.0 = Debug|Any CPU
		{BAA2B7AF-EC21-4696-8435-F7D112D85B5C}.Release|Any CPU.ActiveCfg = Release|Any CPU
		{BAA2B7AF-EC21-4696-8435-F7D112D85B5C}.Release|Any CPU.Build.0 = Release|Any CPU
		{207B9AC2-5E20-48F5-AA44-077C56D8E239}.Debug|Any CPU.ActiveCfg = Debug|Any CPU
		{207B9AC2-5E20-48F5-AA44-077C56D8E239}.Debug|Any CPU.Build.0 = Debug|Any CPU
		{207B9AC2-5E20-48F5-AA44-077C56D8E239}.Release|Any CPU.ActiveCfg = Release|Any CPU
		{207B9AC2-5E20-48F5-AA44-077C56D8E239}.Release|Any CPU.Build.0 = Release|Any CPU
		{7702B15D-9CA9-4C84-BB62-A4EF2C59EB28}.Debug|Any CPU.ActiveCfg = Debug|Any CPU
		{7702B15D-9CA9-4C84-BB62-A4EF2C59EB28}.Debug|Any CPU.Build.0 = Debug|Any CPU
		{7702B15D-9CA9-4C84-BB62-A4EF2C59EB28}.Release|Any CPU.ActiveCfg = Release|Any CPU
		{7702B15D-9CA9-4C84-BB62-A4EF2C59EB28}.Release|Any CPU.Build.0 = Release|Any CPU
		{CD167183-E038-4D44-A78B-4B007F48333A}.Debug|Any CPU.ActiveCfg = Debug|Any CPU
		{CD167183-E038-4D44-A78B-4B007F48333A}.Debug|Any CPU.Build.0 = Debug|Any CPU
		{CD167183-E038-4D44-A78B-4B007F48333A}.Release|Any CPU.ActiveCfg = Release|Any CPU
		{CD167183-E038-4D44-A78B-4B007F48333A}.Release|Any CPU.Build.0 = Release|Any CPU
		{D05A9B86-081E-48D7-BD23-4CC14B5DB45E}.Debug|Any CPU.ActiveCfg = Debug|Any CPU
		{D05A9B86-081E-48D7-BD23-4CC14B5DB45E}.Debug|Any CPU.Build.0 = Debug|Any CPU
		{D05A9B86-081E-48D7-BD23-4CC14B5DB45E}.Release|Any CPU.ActiveCfg = Release|Any CPU
		{D05A9B86-081E-48D7-BD23-4CC14B5DB45E}.Release|Any CPU.Build.0 = Release|Any CPU
	EndGlobalSection
	GlobalSection(SolutionProperties) = preSolution
		HideSolutionNode = FALSE
	EndGlobalSection
	GlobalSection(ExtensibilityGlobals) = postSolution
		SolutionGuid = {BD2AE2A7-A245-4114-AF9C-C8EA4DD42DE9}
	EndGlobalSection
EndGlobal
